
Microsoft Visual Studio Solution File, Format Version 12.00
# Visual Studio Version 17
VisualStudioVersion = 17.2.32516.85
MinimumVisualStudioVersion = 10.0.40219.1
Project("{9A19103F-16F7-4668-BE54-9A1E7A4F7556}") = "DependentDealers", "DependentDealers\DependentDealers.csproj", "{F371E6A4-00BF-4645-9C8E-9B27087E8D00}"
EndProject
Project("{9A19103F-16F7-4668-BE54-9A1E7A4F7556}") = "LambdaProvider", "LambdaProvider\LambdaProvider.csproj", "{1CBC592B-86E9-4FDC-BF8B-FDF096E7C6A5}"
EndProject
Global
	GlobalSection(SolutionConfigurationPlatforms) = preSolution
		Debug|Any CPU = Debug|Any CPU
		Release|Any CPU = Release|Any CPU
	EndGlobalSection
	GlobalSection(ProjectConfigurationPlatforms) = postSolution
		{F371E6A4-00BF-4645-9C8E-9B27087E8D00}.Debug|Any CPU.ActiveCfg = Debug|Any CPU
		{F371E6A4-00BF-4645-9C8E-9B27087E8D00}.Debug|Any CPU.Build.0 = Debug|Any CPU
		{F371E6A4-00BF-4645-9C8E-9B27087E8D00}.Release|Any CPU.ActiveCfg = Release|Any CPU
		{F371E6A4-00BF-4645-9C8E-9B27087E8D00}.Release|Any CPU.Build.0 = Release|Any CPU
		{1CBC592B-86E9-4FDC-BF8B-FDF096E7C6A5}.Debug|Any CPU.ActiveCfg = Debug|Any CPU
		{1CBC592B-86E9-4FDC-BF8B-FDF096E7C6A5}.Debug|Any CPU.Build.0 = Debug|Any CPU
		{1CBC592B-86E9-4FDC-BF8B-FDF096E7C6A5}.Release|Any CPU.ActiveCfg = Release|Any CPU
		{1CBC592B-86E9-4FDC-BF8B-FDF096E7C6A5}.Release|Any CPU.Build.0 = Release|Any CPU
	EndGlobalSection
	GlobalSection(SolutionProperties) = preSolution
		HideSolutionNode = FALSE
	EndGlobalSection
	GlobalSection(ExtensibilityGlobals) = postSolution
		SolutionGuid = {2893E965-4726-4ADA-B93E-6A700B1F7A39}
	EndGlobalSection
EndGlobal
